// !$*UTF8*$!
{
	archiveVersion = 1;
	classes = {
	};
	objectVersion = 46;
	objects = {

/* Begin PBXBuildFile section */
		32365E5E1DC425D100DB9770 /* ComicListViewController.swift in Sources */ = {isa = PBXBuildFile; fileRef = 32365E5D1DC425D100DB9770 /* ComicListViewController.swift */; };
		32365E621DC42D9E00DB9770 /* ComicTableViewCell.swift in Sources */ = {isa = PBXBuildFile; fileRef = 32365E611DC42D9E00DB9770 /* ComicTableViewCell.swift */; };
		324706B41DC560970025C99E /* apikeys.plist in Resources */ = {isa = PBXBuildFile; fileRef = 324706B31DC560970025C99E /* apikeys.plist */; };
		327010E21DC59C3D00EF1D5D /* LoadingIndicatorView.swift in Sources */ = {isa = PBXBuildFile; fileRef = 327010E11DC59C3D00EF1D5D /* LoadingIndicatorView.swift */; };
		32AA08C71DC5EBCF00C43F9F /* MarvelAPIDemoTests.swift in Sources */ = {isa = PBXBuildFile; fileRef = 32AA08C61DC5EBCF00C43F9F /* MarvelAPIDemoTests.swift */; };
		32AC26F01DC45CA000504D56 /* ComicDetailViewController.swift in Sources */ = {isa = PBXBuildFile; fileRef = 32AC26EF1DC45CA000504D56 /* ComicDetailViewController.swift */; };
		32BF064A1DC2CC2B00D32E24 /* AppDelegate.swift in Sources */ = {isa = PBXBuildFile; fileRef = 32BF06491DC2CC2B00D32E24 /* AppDelegate.swift */; };
		32BF064C1DC2CC2B00D32E24 /* ViewController.swift in Sources */ = {isa = PBXBuildFile; fileRef = 32BF064B1DC2CC2B00D32E24 /* ViewController.swift */; };
		32BF064F1DC2CC2B00D32E24 /* Main.storyboard in Resources */ = {isa = PBXBuildFile; fileRef = 32BF064D1DC2CC2B00D32E24 /* Main.storyboard */; };
		32BF06511DC2CC2B00D32E24 /* Assets.xcassets in Resources */ = {isa = PBXBuildFile; fileRef = 32BF06501DC2CC2B00D32E24 /* Assets.xcassets */; };
		32BF06541DC2CC2B00D32E24 /* LaunchScreen.storyboard in Resources */ = {isa = PBXBuildFile; fileRef = 32BF06521DC2CC2B00D32E24 /* LaunchScreen.storyboard */; };
		32BF06781DC31F2500D32E24 /* MarvelAPI.swift in Sources */ = {isa = PBXBuildFile; fileRef = 32BF06771DC31F2500D32E24 /* MarvelAPI.swift */; };
		32BF067A1DC323B600D32E24 /* MarvelData.swift in Sources */ = {isa = PBXBuildFile; fileRef = 32BF06791DC323B600D32E24 /* MarvelData.swift */; };
		32BF067D1DC32A0500D32E24 /* APIReturnDataSet.swift in Sources */ = {isa = PBXBuildFile; fileRef = 32BF067C1DC32A0500D32E24 /* APIReturnDataSet.swift */; };
		F1CB2FD2B5F2651577110B31 /* Pods_MarvelAPIDemo.framework in Frameworks */ = {isa = PBXBuildFile; fileRef = 3B5427E8455475D4302B6217 /* Pods_MarvelAPIDemo.framework */; };
/* End PBXBuildFile section */

/* Begin PBXContainerItemProxy section */
		32AA08C91DC5EBCF00C43F9F /* PBXContainerItemProxy */ = {
			isa = PBXContainerItemProxy;
			containerPortal = 32BF063E1DC2CC2B00D32E24 /* Project object */;
			proxyType = 1;
			remoteGlobalIDString = 32BF06451DC2CC2B00D32E24;
			remoteInfo = MarvelAPIDemo;
		};
/* End PBXContainerItemProxy section */

/* Begin PBXFileReference section */
		1128F234CF40BF2302EA3D2F /* Pods-MarvelAPIDemo.debug.xcconfig */ = {isa = PBXFileReference; includeInIndex = 1; lastKnownFileType = text.xcconfig; name = "Pods-MarvelAPIDemo.debug.xcconfig"; path = "Pods/Target Support Files/Pods-MarvelAPIDemo/Pods-MarvelAPIDemo.debug.xcconfig"; sourceTree = "<group>"; };
		32365E5D1DC425D100DB9770 /* ComicListViewController.swift */ = {isa = PBXFileReference; fileEncoding = 4; lastKnownFileType = sourcecode.swift; path = ComicListViewController.swift; sourceTree = "<group>"; };
		32365E611DC42D9E00DB9770 /* ComicTableViewCell.swift */ = {isa = PBXFileReference; fileEncoding = 4; lastKnownFileType = sourcecode.swift; path = ComicTableViewCell.swift; sourceTree = "<group>"; };
		324706B31DC560970025C99E /* apikeys.plist */ = {isa = PBXFileReference; fileEncoding = 4; lastKnownFileType = text.plist.xml; path = apikeys.plist; sourceTree = "<group>"; };
		327010E11DC59C3D00EF1D5D /* LoadingIndicatorView.swift */ = {isa = PBXFileReference; fileEncoding = 4; lastKnownFileType = sourcecode.swift; path = LoadingIndicatorView.swift; sourceTree = "<group>"; };
		32AA08C41DC5EBCF00C43F9F /* MarvelAPIDemoTests.xctest */ = {isa = PBXFileReference; explicitFileType = wrapper.cfbundle; includeInIndex = 0; path = MarvelAPIDemoTests.xctest; sourceTree = BUILT_PRODUCTS_DIR; };
		32AA08C61DC5EBCF00C43F9F /* MarvelAPIDemoTests.swift */ = {isa = PBXFileReference; lastKnownFileType = sourcecode.swift; path = MarvelAPIDemoTests.swift; sourceTree = "<group>"; };
		32AA08C81DC5EBCF00C43F9F /* Info.plist */ = {isa = PBXFileReference; lastKnownFileType = text.plist.xml; path = Info.plist; sourceTree = "<group>"; };
		32AC26EF1DC45CA000504D56 /* ComicDetailViewController.swift */ = {isa = PBXFileReference; fileEncoding = 4; lastKnownFileType = sourcecode.swift; path = ComicDetailViewController.swift; sourceTree = "<group>"; };
		32BF06461DC2CC2B00D32E24 /* MarvelAPIDemo.app */ = {isa = PBXFileReference; explicitFileType = wrapper.application; includeInIndex = 0; path = MarvelAPIDemo.app; sourceTree = BUILT_PRODUCTS_DIR; };
		32BF06491DC2CC2B00D32E24 /* AppDelegate.swift */ = {isa = PBXFileReference; lastKnownFileType = sourcecode.swift; path = AppDelegate.swift; sourceTree = "<group>"; };
		32BF064B1DC2CC2B00D32E24 /* ViewController.swift */ = {isa = PBXFileReference; lastKnownFileType = sourcecode.swift; path = ViewController.swift; sourceTree = "<group>"; };
		32BF064E1DC2CC2B00D32E24 /* Base */ = {isa = PBXFileReference; lastKnownFileType = file.storyboard; name = Base; path = Base.lproj/Main.storyboard; sourceTree = "<group>"; };
		32BF06501DC2CC2B00D32E24 /* Assets.xcassets */ = {isa = PBXFileReference; lastKnownFileType = folder.assetcatalog; path = Assets.xcassets; sourceTree = "<group>"; };
		32BF06531DC2CC2B00D32E24 /* Base */ = {isa = PBXFileReference; lastKnownFileType = file.storyboard; name = Base; path = Base.lproj/LaunchScreen.storyboard; sourceTree = "<group>"; };
		32BF06551DC2CC2B00D32E24 /* Info.plist */ = {isa = PBXFileReference; lastKnownFileType = text.plist.xml; path = Info.plist; sourceTree = "<group>"; };
		32BF06771DC31F2500D32E24 /* MarvelAPI.swift */ = {isa = PBXFileReference; fileEncoding = 4; lastKnownFileType = sourcecode.swift; path = MarvelAPI.swift; sourceTree = "<group>"; };
		32BF06791DC323B600D32E24 /* MarvelData.swift */ = {isa = PBXFileReference; fileEncoding = 4; lastKnownFileType = sourcecode.swift; path = MarvelData.swift; sourceTree = "<group>"; };
		32BF067C1DC32A0500D32E24 /* APIReturnDataSet.swift */ = {isa = PBXFileReference; fileEncoding = 4; lastKnownFileType = sourcecode.swift; path = APIReturnDataSet.swift; sourceTree = "<group>"; };
		3B5427E8455475D4302B6217 /* Pods_MarvelAPIDemo.framework */ = {isa = PBXFileReference; explicitFileType = wrapper.framework; includeInIndex = 0; path = Pods_MarvelAPIDemo.framework; sourceTree = BUILT_PRODUCTS_DIR; };
		5B8704500C4C87A642386034 /* Pods-MarvelAPIDemo.release.xcconfig */ = {isa = PBXFileReference; includeInIndex = 1; lastKnownFileType = text.xcconfig; name = "Pods-MarvelAPIDemo.release.xcconfig"; path = "Pods/Target Support Files/Pods-MarvelAPIDemo/Pods-MarvelAPIDemo.release.xcconfig"; sourceTree = "<group>"; };
/* End PBXFileReference section */

/* Begin PBXFrameworksBuildPhase section */
		32AA08C11DC5EBCF00C43F9F /* Frameworks */ = {
			isa = PBXFrameworksBuildPhase;
			buildActionMask = 2147483647;
			files = (
			);
			runOnlyForDeploymentPostprocessing = 0;
		};
		32BF06431DC2CC2B00D32E24 /* Frameworks */ = {
			isa = PBXFrameworksBuildPhase;
			buildActionMask = 2147483647;
			files = (
				F1CB2FD2B5F2651577110B31 /* Pods_MarvelAPIDemo.framework in Frameworks */,
			);
			runOnlyForDeploymentPostprocessing = 0;
		};
/* End PBXFrameworksBuildPhase section */

/* Begin PBXGroup section */
		327010E01DC59C1F00EF1D5D /* Supporting Files */ = {
			isa = PBXGroup;
			children = (
				32BF06771DC31F2500D32E24 /* MarvelAPI.swift */,
				324706B31DC560970025C99E /* apikeys.plist */,
				327010E11DC59C3D00EF1D5D /* LoadingIndicatorView.swift */,
			);
			name = "Supporting Files";
			sourceTree = "<group>";
		};
		32AA08C51DC5EBCF00C43F9F /* MarvelAPIDemoTests */ = {
			isa = PBXGroup;
			children = (
				32AA08C61DC5EBCF00C43F9F /* MarvelAPIDemoTests.swift */,
				32AA08C81DC5EBCF00C43F9F /* Info.plist */,
			);
			path = MarvelAPIDemoTests;
			sourceTree = "<group>";
		};
		32BF063D1DC2CC2B00D32E24 = {
			isa = PBXGroup;
			children = (
				32BF06481DC2CC2B00D32E24 /* MarvelAPIDemo */,
				32AA08C51DC5EBCF00C43F9F /* MarvelAPIDemoTests */,
				32BF06471DC2CC2B00D32E24 /* Products */,
				9B1D77F54B57BA85BEB2BACC /* Pods */,
				437AE0ADE743F33BFC0D3854 /* Frameworks */,
			);
			sourceTree = "<group>";
		};
		32BF06471DC2CC2B00D32E24 /* Products */ = {
			isa = PBXGroup;
			children = (
				32BF06461DC2CC2B00D32E24 /* MarvelAPIDemo.app */,
				32AA08C41DC5EBCF00C43F9F /* MarvelAPIDemoTests.xctest */,
			);
			name = Products;
			sourceTree = "<group>";
		};
		32BF06481DC2CC2B00D32E24 /* MarvelAPIDemo */ = {
			isa = PBXGroup;
			children = (
				327010E01DC59C1F00EF1D5D /* Supporting Files */,
				32BF067B1DC329D300D32E24 /* Models */,
				32BF06491DC2CC2B00D32E24 /* AppDelegate.swift */,
				32BF064B1DC2CC2B00D32E24 /* ViewController.swift */,
				32365E5D1DC425D100DB9770 /* ComicListViewController.swift */,
				32365E611DC42D9E00DB9770 /* ComicTableViewCell.swift */,
				32AC26EF1DC45CA000504D56 /* ComicDetailViewController.swift */,
				32BF064D1DC2CC2B00D32E24 /* Main.storyboard */,
				32BF06501DC2CC2B00D32E24 /* Assets.xcassets */,
				32BF06521DC2CC2B00D32E24 /* LaunchScreen.storyboard */,
				32BF06551DC2CC2B00D32E24 /* Info.plist */,
			);
			path = MarvelAPIDemo;
			sourceTree = "<group>";
		};
		32BF067B1DC329D300D32E24 /* Models */ = {
			isa = PBXGroup;
			children = (
				32BF06791DC323B600D32E24 /* MarvelData.swift */,
				32BF067C1DC32A0500D32E24 /* APIReturnDataSet.swift */,
			);
			name = Models;
			sourceTree = "<group>";
		};
		437AE0ADE743F33BFC0D3854 /* Frameworks */ = {
			isa = PBXGroup;
			children = (
				3B5427E8455475D4302B6217 /* Pods_MarvelAPIDemo.framework */,
			);
			name = Frameworks;
			sourceTree = "<group>";
		};
		9B1D77F54B57BA85BEB2BACC /* Pods */ = {
			isa = PBXGroup;
			children = (
				1128F234CF40BF2302EA3D2F /* Pods-MarvelAPIDemo.debug.xcconfig */,
				5B8704500C4C87A642386034 /* Pods-MarvelAPIDemo.release.xcconfig */,
			);
			name = Pods;
			sourceTree = "<group>";
		};
/* End PBXGroup section */

/* Begin PBXNativeTarget section */
		32AA08C31DC5EBCF00C43F9F /* MarvelAPIDemoTests */ = {
			isa = PBXNativeTarget;
			buildConfigurationList = 32AA08CB1DC5EBCF00C43F9F /* Build configuration list for PBXNativeTarget "MarvelAPIDemoTests" */;
			buildPhases = (
				32AA08C01DC5EBCF00C43F9F /* Sources */,
				32AA08C11DC5EBCF00C43F9F /* Frameworks */,
				32AA08C21DC5EBCF00C43F9F /* Resources */,
			);
			buildRules = (
			);
			dependencies = (
				32AA08CA1DC5EBCF00C43F9F /* PBXTargetDependency */,
			);
			name = MarvelAPIDemoTests;
			productName = MarvelAPIDemoTests;
			productReference = 32AA08C41DC5EBCF00C43F9F /* MarvelAPIDemoTests.xctest */;
			productType = "com.apple.product-type.bundle.unit-test";
		};
		32BF06451DC2CC2B00D32E24 /* MarvelAPIDemo */ = {
			isa = PBXNativeTarget;
			buildConfigurationList = 32BF066E1DC2CC2C00D32E24 /* Build configuration list for PBXNativeTarget "MarvelAPIDemo" */;
			buildPhases = (
				46CCBDA4921E290EAD0BCCAA /* [CP] Check Pods Manifest.lock */,
				32BF06421DC2CC2B00D32E24 /* Sources */,
				32BF06431DC2CC2B00D32E24 /* Frameworks */,
				32BF06441DC2CC2B00D32E24 /* Resources */,
				9A5B89C959667A51B3FAFA03 /* [CP] Embed Pods Frameworks */,
				285439C899BD5B43B162ADCF /* [CP] Copy Pods Resources */,
			);
			buildRules = (
			);
			dependencies = (
			);
			name = MarvelAPIDemo;
			productName = MarvelAPIDemo;
			productReference = 32BF06461DC2CC2B00D32E24 /* MarvelAPIDemo.app */;
			productType = "com.apple.product-type.application";
		};
/* End PBXNativeTarget section */

/* Begin PBXProject section */
		32BF063E1DC2CC2B00D32E24 /* Project object */ = {
			isa = PBXProject;
			attributes = {
				LastSwiftUpdateCheck = 0810;
				LastUpgradeCheck = 0800;
				ORGANIZATIONNAME = "Fadi Asfour";
				TargetAttributes = {
					32AA08C31DC5EBCF00C43F9F = {
						CreatedOnToolsVersion = 8.1;
						DevelopmentTeam = R82H95YACH;
						ProvisioningStyle = Automatic;
						TestTargetID = 32BF06451DC2CC2B00D32E24;
					};
					32BF06451DC2CC2B00D32E24 = {
						CreatedOnToolsVersion = 8.0;
						DevelopmentTeam = R82H95YACH;
						ProvisioningStyle = Automatic;
					};
				};
			};
			buildConfigurationList = 32BF06411DC2CC2B00D32E24 /* Build configuration list for PBXProject "MarvelAPIDemo" */;
			compatibilityVersion = "Xcode 3.2";
			developmentRegion = English;
			hasScannedForEncodings = 0;
			knownRegions = (
				en,
				Base,
			);
			mainGroup = 32BF063D1DC2CC2B00D32E24;
			productRefGroup = 32BF06471DC2CC2B00D32E24 /* Products */;
			projectDirPath = "";
			projectRoot = "";
			targets = (
				32BF06451DC2CC2B00D32E24 /* MarvelAPIDemo */,
				32AA08C31DC5EBCF00C43F9F /* MarvelAPIDemoTests */,
			);
		};
/* End PBXProject section */

/* Begin PBXResourcesBuildPhase section */
		32AA08C21DC5EBCF00C43F9F /* Resources */ = {
			isa = PBXResourcesBuildPhase;
			buildActionMask = 2147483647;
			files = (
			);
			runOnlyForDeploymentPostprocessing = 0;
		};
		32BF06441DC2CC2B00D32E24 /* Resources */ = {
			isa = PBXResourcesBuildPhase;
			buildActionMask = 2147483647;
			files = (
				32BF06541DC2CC2B00D32E24 /* LaunchScreen.storyboard in Resources */,
				324706B41DC560970025C99E /* apikeys.plist in Resources */,
				32BF06511DC2CC2B00D32E24 /* Assets.xcassets in Resources */,
				32BF064F1DC2CC2B00D32E24 /* Main.storyboard in Resources */,
			);
			runOnlyForDeploymentPostprocessing = 0;
		};
/* End PBXResourcesBuildPhase section */

/* Begin PBXShellScriptBuildPhase section */
		285439C899BD5B43B162ADCF /* [CP] Copy Pods Resources */ = {
			isa = PBXShellScriptBuildPhase;
			buildActionMask = 2147483647;
			files = (
			);
			inputPaths = (
			);
			name = "[CP] Copy Pods Resources";
			outputPaths = (
			);
			runOnlyForDeploymentPostprocessing = 0;
			shellPath = /bin/sh;
			shellScript = "\"${SRCROOT}/Pods/Target Support Files/Pods-MarvelAPIDemo/Pods-MarvelAPIDemo-resources.sh\"\n";
			showEnvVarsInLog = 0;
		};
		46CCBDA4921E290EAD0BCCAA /* [CP] Check Pods Manifest.lock */ = {
			isa = PBXShellScriptBuildPhase;
			buildActionMask = 2147483647;
			files = (
			);
			inputPaths = (
			);
			name = "[CP] Check Pods Manifest.lock";
			outputPaths = (
			);
			runOnlyForDeploymentPostprocessing = 0;
			shellPath = /bin/sh;
			shellScript = "diff \"${PODS_ROOT}/../Podfile.lock\" \"${PODS_ROOT}/Manifest.lock\" > /dev/null\nif [ $? != 0 ] ; then\n    # print error to STDERR\n    echo \"error: The sandbox is not in sync with the Podfile.lock. Run 'pod install' or update your CocoaPods installation.\" >&2\n    exit 1\nfi\n";
			showEnvVarsInLog = 0;
		};
		9A5B89C959667A51B3FAFA03 /* [CP] Embed Pods Frameworks */ = {
			isa = PBXShellScriptBuildPhase;
			buildActionMask = 2147483647;
			files = (
			);
			inputPaths = (
			);
			name = "[CP] Embed Pods Frameworks";
			outputPaths = (
			);
			runOnlyForDeploymentPostprocessing = 0;
			shellPath = /bin/sh;
			shellScript = "\"${SRCROOT}/Pods/Target Support Files/Pods-MarvelAPIDemo/Pods-MarvelAPIDemo-frameworks.sh\"\n";
			showEnvVarsInLog = 0;
		};
/* End PBXShellScriptBuildPhase section */

/* Begin PBXSourcesBuildPhase section */
		32AA08C01DC5EBCF00C43F9F /* Sources */ = {
			isa = PBXSourcesBuildPhase;
			buildActionMask = 2147483647;
			files = (
				32AA08C71DC5EBCF00C43F9F /* MarvelAPIDemoTests.swift in Sources */,
			);
			runOnlyForDeploymentPostprocessing = 0;
		};
		32BF06421DC2CC2B00D32E24 /* Sources */ = {
			isa = PBXSourcesBuildPhase;
			buildActionMask = 2147483647;
			files = (
				32365E621DC42D9E00DB9770 /* ComicTableViewCell.swift in Sources */,
				32BF067A1DC323B600D32E24 /* MarvelData.swift in Sources */,
				32365E5E1DC425D100DB9770 /* ComicListViewController.swift in Sources */,
				327010E21DC59C3D00EF1D5D /* LoadingIndicatorView.swift in Sources */,
				32BF06781DC31F2500D32E24 /* MarvelAPI.swift in Sources */,
				32BF064C1DC2CC2B00D32E24 /* ViewController.swift in Sources */,
				32BF067D1DC32A0500D32E24 /* APIReturnDataSet.swift in Sources */,
				32BF064A1DC2CC2B00D32E24 /* AppDelegate.swift in Sources */,
				32AC26F01DC45CA000504D56 /* ComicDetailViewController.swift in Sources */,
			);
			runOnlyForDeploymentPostprocessing = 0;
		};
/* End PBXSourcesBuildPhase section */

/* Begin PBXTargetDependency section */
		32AA08CA1DC5EBCF00C43F9F /* PBXTargetDependency */ = {
			isa = PBXTargetDependency;
			target = 32BF06451DC2CC2B00D32E24 /* MarvelAPIDemo */;
			targetProxy = 32AA08C91DC5EBCF00C43F9F /* PBXContainerItemProxy */;
		};
/* End PBXTargetDependency section */

/* Begin PBXVariantGroup section */
		32BF064D1DC2CC2B00D32E24 /* Main.storyboard */ = {
			isa = PBXVariantGroup;
			children = (
				32BF064E1DC2CC2B00D32E24 /* Base */,
			);
			name = Main.storyboard;
			sourceTree = "<group>";
		};
		32BF06521DC2CC2B00D32E24 /* LaunchScreen.storyboard */ = {
			isa = PBXVariantGroup;
			children = (
				32BF06531DC2CC2B00D32E24 /* Base */,
			);
			name = LaunchScreen.storyboard;
			sourceTree = "<group>";
		};
/* End PBXVariantGroup section */

/* Begin XCBuildConfiguration section */
		32AA08CC1DC5EBCF00C43F9F /* Debug */ = {
			isa = XCBuildConfiguration;
			buildSettings = {
				BUNDLE_LOADER = "$(TEST_HOST)";
				DEVELOPMENT_TEAM = R82H95YACH;
				INFOPLIST_FILE = MarvelAPIDemoTests/Info.plist;
				IPHONEOS_DEPLOYMENT_TARGET = 10.1;
				LD_RUNPATH_SEARCH_PATHS = "$(inherited) @executable_path/Frameworks @loader_path/Frameworks";
				PRODUCT_BUNDLE_IDENTIFIER = com.asfourco.MarvelAPIDemoTests;
				PRODUCT_NAME = "$(TARGET_NAME)";
				SWIFT_VERSION = 3.0;
				TEST_HOST = "$(BUILT_PRODUCTS_DIR)/MarvelAPIDemo.app/MarvelAPIDemo";
			};
			name = Debug;
		};
		32AA08CD1DC5EBCF00C43F9F /* Release */ = {
			isa = XCBuildConfiguration;
			buildSettings = {
				BUNDLE_LOADER = "$(TEST_HOST)";
				DEVELOPMENT_TEAM = R82H95YACH;
				INFOPLIST_FILE = MarvelAPIDemoTests/Info.plist;
				IPHONEOS_DEPLOYMENT_TARGET = 10.1;
				LD_RUNPATH_SEARCH_PATHS = "$(inherited) @executable_path/Frameworks @loader_path/Frameworks";
				PRODUCT_BUNDLE_IDENTIFIER = com.asfourco.MarvelAPIDemoTests;
				PRODUCT_NAME = "$(TARGET_NAME)";
				SWIFT_VERSION = 3.0;
				TEST_HOST = "$(BUILT_PRODUCTS_DIR)/MarvelAPIDemo.app/MarvelAPIDemo";
			};
			name = Release;
		};
		32BF066C1DC2CC2C00D32E24 /* Debug */ = {
			isa = XCBuildConfiguration;
			buildSettings = {
				ALWAYS_SEARCH_USER_PATHS = NO;
				CLANG_ANALYZER_NONNULL = YES;
				CLANG_CXX_LANGUAGE_STANDARD = "gnu++0x";
				CLANG_CXX_LIBRARY = "libc++";
				CLANG_ENABLE_MODULES = YES;
				CLANG_ENABLE_OBJC_ARC = YES;
				CLANG_WARN_BOOL_CONVERSION = YES;
				CLANG_WARN_CONSTANT_CONVERSION = YES;
				CLANG_WARN_DIRECT_OBJC_ISA_USAGE = YES_ERROR;
				CLANG_WARN_DOCUMENTATION_COMMENTS = YES;
				CLANG_WARN_EMPTY_BODY = YES;
				CLANG_WARN_ENUM_CONVERSION = YES;
				CLANG_WARN_INFINITE_RECURSION = YES;
				CLANG_WARN_INT_CONVERSION = YES;
				CLANG_WARN_OBJC_ROOT_CLASS = YES_ERROR;
				CLANG_WARN_SUSPICIOUS_MOVE = YES;
				CLANG_WARN_SUSPICIOUS_MOVES = YES;
				CLANG_WARN_UNREACHABLE_CODE = YES;
				CLANG_WARN__DUPLICATE_METHOD_MATCH = YES;
				"CODE_SIGN_IDENTITY[sdk=iphoneos*]" = "iPhone Developer";
				COPY_PHASE_STRIP = NO;
				DEBUG_INFORMATION_FORMAT = dwarf;
				ENABLE_STRICT_OBJC_MSGSEND = YES;
				ENABLE_TESTABILITY = YES;
				GCC_C_LANGUAGE_STANDARD = gnu99;
				GCC_DYNAMIC_NO_PIC = NO;
				GCC_NO_COMMON_BLOCKS = YES;
				GCC_OPTIMIZATION_LEVEL = 0;
				GCC_PREPROCESSOR_DEFINITIONS = (
					"DEBUG=1",
					"$(inherited)",
				);
				GCC_WARN_64_TO_32_BIT_CONVERSION = YES;
				GCC_WARN_ABOUT_RETURN_TYPE = YES_ERROR;
				GCC_WARN_UNDECLARED_SELECTOR = YES;
				GCC_WARN_UNINITIALIZED_AUTOS = YES_AGGRESSIVE;
				GCC_WARN_UNUSED_FUNCTION = YES;
				GCC_WARN_UNUSED_VARIABLE = YES;
				IPHONEOS_DEPLOYMENT_TARGET = 10.0;
				MTL_ENABLE_DEBUG_INFO = YES;
				ONLY_ACTIVE_ARCH = YES;
				SDKROOT = iphoneos;
				SWIFT_ACTIVE_COMPILATION_CONDITIONS = DEBUG;
				SWIFT_OPTIMIZATION_LEVEL = "-Onone";
				TARGETED_DEVICE_FAMILY = "1,2";
			};
			name = Debug;
		};
		32BF066D1DC2CC2C00D32E24 /* Release */ = {
			isa = XCBuildConfiguration;
			buildSettings = {
				ALWAYS_SEARCH_USER_PATHS = NO;
				CLANG_ANALYZER_NONNULL = YES;
				CLANG_CXX_LANGUAGE_STANDARD = "gnu++0x";
				CLANG_CXX_LIBRARY = "libc++";
				CLANG_ENABLE_MODULES = YES;
				CLANG_ENABLE_OBJC_ARC = YES;
				CLANG_WARN_BOOL_CONVERSION = YES;
				CLANG_WARN_CONSTANT_CONVERSION = YES;
				CLANG_WARN_DIRECT_OBJC_ISA_USAGE = YES_ERROR;
				CLANG_WARN_DOCUMENTATION_COMMENTS = YES;
				CLANG_WARN_EMPTY_BODY = YES;
				CLANG_WARN_ENUM_CONVERSION = YES;
				CLANG_WARN_INFINITE_RECURSION = YES;
				CLANG_WARN_INT_CONVERSION = YES;
				CLANG_WARN_OBJC_ROOT_CLASS = YES_ERROR;
				CLANG_WARN_SUSPICIOUS_MOVE = YES;
				CLANG_WARN_SUSPICIOUS_MOVES = YES;
				CLANG_WARN_UNREACHABLE_CODE = YES;
				CLANG_WARN__DUPLICATE_METHOD_MATCH = YES;
				"CODE_SIGN_IDENTITY[sdk=iphoneos*]" = "iPhone Developer";
				COPY_PHASE_STRIP = NO;
				DEBUG_INFORMATION_FORMAT = "dwarf-with-dsym";
				ENABLE_NS_ASSERTIONS = NO;
				ENABLE_STRICT_OBJC_MSGSEND = YES;
				GCC_C_LANGUAGE_STANDARD = gnu99;
				GCC_NO_COMMON_BLOCKS = YES;
				GCC_WARN_64_TO_32_BIT_CONVERSION = YES;
				GCC_WARN_ABOUT_RETURN_TYPE = YES_ERROR;
				GCC_WARN_UNDECLARED_SELECTOR = YES;
				GCC_WARN_UNINITIALIZED_AUTOS = YES_AGGRESSIVE;
				GCC_WARN_UNUSED_FUNCTION = YES;
				GCC_WARN_UNUSED_VARIABLE = YES;
				IPHONEOS_DEPLOYMENT_TARGET = 10.0;
				MTL_ENABLE_DEBUG_INFO = NO;
				SDKROOT = iphoneos;
				SWIFT_OPTIMIZATION_LEVEL = "-Owholemodule";
				TARGETED_DEVICE_FAMILY = "1,2";
				VALIDATE_PRODUCT = YES;
			};
			name = Release;
		};
		32BF066F1DC2CC2C00D32E24 /* Debug */ = {
			isa = XCBuildConfiguration;
			baseConfigurationReference = 1128F234CF40BF2302EA3D2F /* Pods-MarvelAPIDemo.debug.xcconfig */;
			buildSettings = {
				ASSETCATALOG_COMPILER_APPICON_NAME = AppIcon;
				DEVELOPMENT_TEAM = R82H95YACH;
				INFOPLIST_FILE = MarvelAPIDemo/Info.plist;
				IPHONEOS_DEPLOYMENT_TARGET = 9.0;
				LD_RUNPATH_SEARCH_PATHS = "$(inherited) @executable_path/Frameworks";
				PRODUCT_BUNDLE_IDENTIFIER = com.asfourco.MarvelAPIDemo;
				PRODUCT_NAME = "$(TARGET_NAME)";
				SWIFT_VERSION = 3.0;
			};
			name = Debug;
		};
		32BF06701DC2CC2C00D32E24 /* Release */ = {
			isa = XCBuildConfiguration;
			baseConfigurationReference = 5B8704500C4C87A642386034 /* Pods-MarvelAPIDemo.release.xcconfig */;
			buildSettings = {
				ASSETCATALOG_COMPILER_APPICON_NAME = AppIcon;
				DEVELOPMENT_TEAM = R82H95YACH;
				INFOPLIST_FILE = MarvelAPIDemo/Info.plist;
				IPHONEOS_DEPLOYMENT_TARGET = 9.0;
				LD_RUNPATH_SEARCH_PATHS = "$(inherited) @executable_path/Frameworks";
				PRODUCT_BUNDLE_IDENTIFIER = com.asfourco.MarvelAPIDemo;
				PRODUCT_NAME = "$(TARGET_NAME)";
				SWIFT_VERSION = 3.0;
			};
			name = Release;
		};
/* End XCBuildConfiguration section */

/* Begin XCConfigurationList section */
		32AA08CB1DC5EBCF00C43F9F /* Build configuration list for PBXNativeTarget "MarvelAPIDemoTests" */ = {
			isa = XCConfigurationList;
			buildConfigurations = (
				32AA08CC1DC5EBCF00C43F9F /* Debug */,
				32AA08CD1DC5EBCF00C43F9F /* Release */,
			);
			defaultConfigurationIsVisible = 0;
		};
		32BF06411DC2CC2B00D32E24 /* Build configuration list for PBXProject "MarvelAPIDemo" */ = {
			isa = XCConfigurationList;
			buildConfigurations = (
				32BF066C1DC2CC2C00D32E24 /* Debug */,
				32BF066D1DC2CC2C00D32E24 /* Release */,
			);
			defaultConfigurationIsVisible = 0;
			defaultConfigurationName = Release;
		};
		32BF066E1DC2CC2C00D32E24 /* Build configuration list for PBXNativeTarget "MarvelAPIDemo" */ = {
			isa = XCConfigurationList;
			buildConfigurations = (
				32BF066F1DC2CC2C00D32E24 /* Debug */,
				32BF06701DC2CC2C00D32E24 /* Release */,
			);
			defaultConfigurationIsVisible = 0;
			defaultConfigurationName = Release;
		};
/* End XCConfigurationList section */
	};
	rootObject = 32BF063E1DC2CC2B00D32E24 /* Project object */;
}
